
Microsoft Visual Studio Solution File, Format Version 12.00
# Visual Studio Version 17
VisualStudioVersion = 17.0.31903.59
MinimumVisualStudioVersion = 10.0.40219.1
Project("{2150E333-8FDC-42A3-9474-1A3956D46DE8}") = "src", "src", "{827E0CD3-B72D-47B6-A68D-7590B98EB39B}"
EndProject
Project("{FAE04EC0-301F-11D3-BF4B-00C04F79EFBC}") = "MageRide.Shared", "src\MageRide.Shared\MageRide.Shared.csproj", "{2E86C7BF-F83F-4BC2-AC43-192BD1FDE289}"
EndProject
Project("{FAE04EC0-301F-11D3-BF4B-00C04F79EFBC}") = "MageRide.Shared.Tests", "src\MageRide.Shared.Tests\MageRide.Shared.Tests.csproj", "{1BC51A7A-9456-4B2E-BC02-0DA402D4369E}"
EndProject
Project("{FAE04EC0-301F-11D3-BF4B-00C04F79EFBC}") = "MageRide.Migrations", "src\MageRide.Migrations\MageRide.Migrations.csproj", "{59D6A71B-97F4-4579-87AD-4BFBD8BF21C3}"
EndProject
Project("{FAE04EC0-301F-11D3-BF4B-00C04F79EFBC}") = "ApiGateway", "src\ApiGateway\ApiGateway.csproj", "{7F294D8C-4F69-4193-BBB6-F89B6E17194E}"
EndProject
Project("{FAE04EC0-301F-11D3-BF4B-00C04F79EFBC}") = "ApiGateway.Tests", "src\ApiGateway.Tests\ApiGateway.Tests.csproj", "{C19A2349-1D7F-4C60-8C51-F5435A447B54}"
EndProject
Project("{FAE04EC0-301F-11D3-BF4B-00C04F79EFBC}") = "MageRide.TestKit", "src\MageRide.TestKit\MageRide.TestKit.csproj", "{EEC10DAD-BF72-4247-90DC-1E3B088140CA}"
EndProject
Project("{FAE04EC0-301F-11D3-BF4B-00C04F79EFBC}") = "Iam.Api", "src\Iam.Api\Iam.Api.csproj", "{45990AC3-1B68-421F-B38E-54AEF41AAFB1}"
EndProject
Project("{FAE04EC0-301F-11D3-BF4B-00C04F79EFBC}") = "Iam.Api.Tests", "src\Iam.Api.Tests\Iam.Api.Tests.csproj", "{DEF04CBB-DC44-4CF2-BAB7-9784D704ED6D}"
EndProject
Project("{FAE04EC0-301F-11D3-BF4B-00C04F79EFBC}") = "Registry.Api", "src\Registry.Api\Registry.Api.csproj", "{943A7707-1ED6-4031-9254-7661F52F8FBA}"
EndProject
Project("{FAE04EC0-301F-11D3-BF4B-00C04F79EFBC}") = "Registry.Api.Tests", "src\Registry.Api.Tests\Registry.Api.Tests.csproj", "{CA62DC47-B384-4A0D-AC7E-52B8212ACDC1}"
EndProject
Project("{FAE04EC0-301F-11D3-BF4B-00C04F79EFBC}") = "Ride.Api", "src\Ride.Api\Ride.Api.csproj", "{2729A14B-57AB-4D0F-9161-9651E36F39EF}"
EndProject
Project("{FAE04EC0-301F-11D3-BF4B-00C04F79EFBC}") = "Fare.Api", "src\Fare.Api\Fare.Api.csproj", "{F3A66311-49E6-4322-A45C-6DF6B69B9BEC}"
EndProject
Project("{FAE04EC0-301F-11D3-BF4B-00C04F79EFBC}") = "Ride.Api.Tests", "src\Ride.Api.Tests\Ride.Api.Tests.csproj", "{E5DEF705-D527-46EA-A129-BD350DA0FD83}"
EndProject
Project("{FAE04EC0-301F-11D3-BF4B-00C04F79EFBC}") = "Dispatch.Api", "src\Dispatch.Api\Dispatch.Api.csproj", "{79AEFD54-8CB0-4744-AAE0-946D2A29DA46}"
EndProject
Project("{FAE04EC0-301F-11D3-BF4B-00C04F79EFBC}") = "Dispatch.Api.Tests", "src\Dispatch.Api.Tests\Dispatch.Api.Tests.csproj", "{2BFFC0DB-E6D8-43D7-BEAF-92BEE6F442EA}"
EndProject
Project("{FAE04EC0-301F-11D3-BF4B-00C04F79EFBC}") = "HotPath.MqttBridge", "src\HotPath.MqttBridge\HotPath.MqttBridge.csproj", "{0DD51EA0-810E-4216-A93B-2AD46998B115}"
EndProject
Project("{FAE04EC0-301F-11D3-BF4B-00C04F79EFBC}") = "HotPath.PositionProcessor", "src\HotPath.PositionProcessor\HotPath.PositionProcessor.csproj", "{62CA08B8-A232-4C94-B427-DCA90EB4FE75}"
EndProject
Project("{FAE04EC0-301F-11D3-BF4B-00C04F79EFBC}") = "Fanout.Api", "src\Fanout.Api\Fanout.Api.csproj", "{1E8284FC-C493-4455-BF2F-3D0442D7FBF0}"
EndProject
Project("{FAE04EC0-301F-11D3-BF4B-00C04F79EFBC}") = "HotPath.Tests", "src\HotPath.Tests\HotPath.Tests.csproj", "{0734A587-71FA-4BBD-95F4-8BDAC92AB2D9}"
EndProject
Project("{FAE04EC0-301F-11D3-BF4B-00C04F79EFBC}") = "Provisioning.Api", "src\Provisioning.Api\Provisioning.Api.csproj", "{1301A7BB-AF13-456F-BD10-593EE0498729}"
EndProject
Project("{FAE04EC0-301F-11D3-BF4B-00C04F79EFBC}") = "Provisioning.Api.Tests", "src\Provisioning.Api.Tests\Provisioning.Api.Tests.csproj", "{BF276CA4-0A70-4E6D-8D0B-BD7CE5975324}"
EndProject
Project("{FAE04EC0-301F-11D3-BF4B-00C04F79EFBC}") = "TripState.Api", "src\TripState.Api\TripState.Api.csproj", "{77DB1E3B-AACE-4355-B968-CF7307233BD8}"
EndProject
Project("{FAE04EC0-301F-11D3-BF4B-00C04F79EFBC}") = "TripState.Api.Tests", "src\TripState.Api.Tests\TripState.Api.Tests.csproj", "{9C1CA080-FD91-44B6-BDBA-D822CB2395E9}"
EndProject
Project("{FAE04EC0-301F-11D3-BF4B-00C04F79EFBC}") = "Reputation.Api", "src\Reputation.Api\Reputation.Api.csproj", "{08FBFB7F-D585-4D5B-8D83-7135EEEEB1E4}"
EndProject
Project("{FAE04EC0-301F-11D3-BF4B-00C04F79EFBC}") = "Reputation.Api.Tests", "src\Reputation.Api.Tests\Reputation.Api.Tests.csproj", "{EA408D3A-86F9-467A-B973-D09446A33C78}"
EndProject
Project("{FAE04EC0-301F-11D3-BF4B-00C04F79EFBC}") = "HotPath.PersistenceWriter", "src\HotPath.PersistenceWriter\HotPath.PersistenceWriter.csproj", "{92D74EBC-0A9F-4DA8-BC82-20809D8A82FA}"
EndProject
Project("{FAE04EC0-301F-11D3-BF4B-00C04F79EFBC}") = "Fanout.Api.Tests", "src\Fanout.Api.Tests\Fanout.Api.Tests.csproj", "{0E732433-763C-406D-BFA3-E22272F4248B}"
EndProject
Project("{FAE04EC0-301F-11D3-BF4B-00C04F79EFBC}") = "Query.Api", "src\Query.Api\Query.Api.csproj", "{10E62D9D-3F93-481B-BCEF-B93D89192E0B}"
EndProject
Project("{FAE04EC0-301F-11D3-BF4B-00C04F79EFBC}") = "Query.Api.Tests", "src\Query.Api.Tests\Query.Api.Tests.csproj", "{3BEE8B87-2C3E-4B90-ADA1-F4669AEA2398}"
EndProject
Project("{FAE04EC0-301F-11D3-BF4B-00C04F79EFBC}") = "TcpAdapter", "src\TcpAdapter\TcpAdapter.csproj", "{5A45CEC3-0C3F-4A03-A399-F7EE2C532E47}"
EndProject
Project("{FAE04EC0-301F-11D3-BF4B-00C04F79EFBC}") = "TcpAdapter.Tests", "src\TcpAdapter.Tests\TcpAdapter.Tests.csproj", "{DED69692-23D1-4BFC-8353-B606846B81EC}"
EndProject
Project("{FAE04EC0-301F-11D3-BF4B-00C04F79EFBC}") = "FleetHealth", "src\FleetHealth\FleetHealth.csproj", "{6B1C4E9A-3F27-4D85-9E11-7C0A5D2F8B43}"
EndProject
Project("{FAE04EC0-301F-11D3-BF4B-00C04F79EFBC}") = "FleetHealth.Tests", "src\FleetHealth.Tests\FleetHealth.Tests.csproj", "{9D4F27C1-8A60-4B3E-B572-1E8C6A0F94D2}"
EndProject
Project("{FAE04EC0-301F-11D3-BF4B-00C04F79EFBC}") = "Content.Api", "src\Content.Api\Content.Api.csproj", "{908746FE-A3CA-44A3-A452-C6F534512541}"
EndProject
Project("{FAE04EC0-301F-11D3-BF4B-00C04F79EFBC}") = "Content.Api.Tests", "src\Content.Api.Tests\Content.Api.Tests.csproj", "{3123E1CF-5487-41E9-9853-921CE5BB834A}"
EndProject
Project("{FAE04EC0-301F-11D3-BF4B-00C04F79EFBC}") = "Wallet.Api", "src\Wallet.Api\Wallet.Api.csproj", "{C2A409BE-718E-4775-A13E-B23159868059}"
EndProject
Project("{FAE04EC0-301F-11D3-BF4B-00C04F79EFBC}") = "Wallet.Api.Tests", "src\Wallet.Api.Tests\Wallet.Api.Tests.csproj", "{F60D99F6-8207-41DA-86F0-8D5F7C693C6A}"
EndProject
Project("{FAE04EC0-301F-11D3-BF4B-00C04F79EFBC}") = "Subscription.Api", "src\Subscription.Api\Subscription.Api.csproj", "{6A861761-24FA-4C1D-BC93-3A6FFA3CCBA9}"
EndProject
Project("{FAE04EC0-301F-11D3-BF4B-00C04F79EFBC}") = "Subscription.Api.Tests", "src\Subscription.Api.Tests\Subscription.Api.Tests.csproj", "{8C0CCB7A-EED7-4889-90E2-A2BE47B8BD74}"
EndProject
Project("{FAE04EC0-301F-11D3-BF4B-00C04F79EFBC}") = "Fare.Api.Tests", "src\Fare.Api.Tests\Fare.Api.Tests.csproj", "{810E5544-5051-48F9-8A55-F6D17AE07461}"
EndProject
Project("{FAE04EC0-301F-11D3-BF4B-00C04F79EFBC}") = "Notification.Api", "src\Notification.Api\Notification.Api.csproj", "{D1114309-B7BD-49D6-8AA2-CF27776A724F}"
EndProject
Project("{FAE04EC0-301F-11D3-BF4B-00C04F79EFBC}") = "Notification.Api.Tests", "src\Notification.Api.Tests\Notification.Api.Tests.csproj", "{71DD2078-6F7D-4B62-973A-2ED587A58348}"
EndProject
Project("{FAE04EC0-301F-11D3-BF4B-00C04F79EFBC}") = "Safety.Api", "src\Safety.Api\Safety.Api.csproj", "{D3BC00E7-5990-4FA9-8778-8BC16FF338B7}"
EndProject
Project("{FAE04EC0-301F-11D3-BF4B-00C04F79EFBC}") = "Safety.Api.Tests", "src\Safety.Api.Tests\Safety.Api.Tests.csproj", "{6C3BFA41-44B6-4B07-BF75-C169BF3DEAB1}"
EndProject
Global
	GlobalSection(SolutionConfigurationPlatforms) = preSolution
		Debug|Any CPU = Debug|Any CPU
		Debug|x64 = Debug|x64
		Debug|x86 = Debug|x86
		Release|Any CPU = Release|Any CPU
		Release|x64 = Release|x64
		Release|x86 = Release|x86
	EndGlobalSection
	GlobalSection(ProjectConfigurationPlatforms) = postSolution
		{2E86C7BF-F83F-4BC2-AC43-192BD1FDE289}.Debug|Any CPU.ActiveCfg = Debug|Any CPU
		{2E86C7BF-F83F-4BC2-AC43-192BD1FDE289}.Debug|Any CPU.Build.0 = Debug|Any CPU
		{2E86C7BF-F83F-4BC2-AC43-192BD1FDE289}.Debug|x64.ActiveCfg = Debug|Any CPU
		{2E86C7BF-F83F-4BC2-AC43-192BD1FDE289}.Debug|x64.Build.0 = Debug|Any CPU
		{2E86C7BF-F83F-4BC2-AC43-192BD1FDE289}.Debug|x86.ActiveCfg = Debug|Any CPU
		{2E86C7BF-F83F-4BC2-AC43-192BD1FDE289}.Debug|x86.Build.0 = Debug|Any CPU
		{2E86C7BF-F83F-4BC2-AC43-192BD1FDE289}.Release|Any CPU.ActiveCfg = Release|Any CPU
		{2E86C7BF-F83F-4BC2-AC43-192BD1FDE289}.Release|Any CPU.Build.0 = Release|Any CPU
		{2E86C7BF-F83F-4BC2-AC43-192BD1FDE289}.Release|x64.ActiveCfg = Release|Any CPU
		{2E86C7BF-F83F-4BC2-AC43-192BD1FDE289}.Release|x64.Build.0 = Release|Any CPU
		{2E86C7BF-F83F-4BC2-AC43-192BD1FDE289}.Release|x86.ActiveCfg = Release|Any CPU
		{2E86C7BF-F83F-4BC2-AC43-192BD1FDE289}.Release|x86.Build.0 = Release|Any CPU
		{1BC51A7A-9456-4B2E-BC02-0DA402D4369E}.Debug|Any CPU.ActiveCfg = Debug|Any CPU
		{1BC51A7A-9456-4B2E-BC02-0DA402D4369E}.Debug|Any CPU.Build.0 = Debug|Any CPU
		{1BC51A7A-9456-4B2E-BC02-0DA402D4369E}.Debug|x64.ActiveCfg = Debug|Any CPU
		{1BC51A7A-9456-4B2E-BC02-0DA402D4369E}.Debug|x64.Build.0 = Debug|Any CPU
		{1BC51A7A-9456-4B2E-BC02-0DA402D4369E}.Debug|x86.ActiveCfg = Debug|Any CPU
		{1BC51A7A-9456-4B2E-BC02-0DA402D4369E}.Debug|x86.Build.0 = Debug|Any CPU
		{1BC51A7A-9456-4B2E-BC02-0DA402D4369E}.Release|Any CPU.ActiveCfg = Release|Any CPU
		{1BC51A7A-9456-4B2E-BC02-0DA402D4369E}.Release|Any CPU.Build.0 = Release|Any CPU
		{1BC51A7A-9456-4B2E-BC02-0DA402D4369E}.Release|x64.ActiveCfg = Release|Any CPU
		{1BC51A7A-9456-4B2E-BC02-0DA402D4369E}.Release|x64.Build.0 = Release|Any CPU
		{1BC51A7A-9456-4B2E-BC02-0DA402D4369E}.Release|x86.ActiveCfg = Release|Any CPU
		{1BC51A7A-9456-4B2E-BC02-0DA402D4369E}.Release|x86.Build.0 = Release|Any CPU
		{59D6A71B-97F4-4579-87AD-4BFBD8BF21C3}.Debug|Any CPU.ActiveCfg = Debug|Any CPU
		{59D6A71B-97F4-4579-87AD-4BFBD8BF21C3}.Debug|Any CPU.Build.0 = Debug|Any CPU
		{59D6A71B-97F4-4579-87AD-4BFBD8BF21C3}.Debug|x64.ActiveCfg = Debug|Any CPU
		{59D6A71B-97F4-4579-87AD-4BFBD8BF21C3}.Debug|x64.Build.0 = Debug|Any CPU
		{59D6A71B-97F4-4579-87AD-4BFBD8BF21C3}.Debug|x86.ActiveCfg = Debug|Any CPU
		{59D6A71B-97F4-4579-87AD-4BFBD8BF21C3}.Debug|x86.Build.0 = Debug|Any CPU
		{59D6A71B-97F4-4579-87AD-4BFBD8BF21C3}.Release|Any CPU.ActiveCfg = Release|Any CPU
		{59D6A71B-97F4-4579-87AD-4BFBD8BF21C3}.Release|Any CPU.Build.0 = Release|Any CPU
		{59D6A71B-97F4-4579-87AD-4BFBD8BF21C3}.Release|x64.ActiveCfg = Release|Any CPU
		{59D6A71B-97F4-4579-87AD-4BFBD8BF21C3}.Release|x64.Build.0 = Release|Any CPU
		{59D6A71B-97F4-4579-87AD-4BFBD8BF21C3}.Release|x86.ActiveCfg = Release|Any CPU
		{59D6A71B-97F4-4579-87AD-4BFBD8BF21C3}.Release|x86.Build.0 = Release|Any CPU
		{7F294D8C-4F69-4193-BBB6-F89B6E17194E}.Debug|Any CPU.ActiveCfg = Debug|Any CPU
		{7F294D8C-4F69-4193-BBB6-F89B6E17194E}.Debug|Any CPU.Build.0 = Debug|Any CPU
		{7F294D8C-4F69-4193-BBB6-F89B6E17194E}.Debug|x64.ActiveCfg = Debug|Any CPU
		{7F294D8C-4F69-4193-BBB6-F89B6E17194E}.Debug|x64.Build.0 = Debug|Any CPU
		{7F294D8C-4F69-4193-BBB6-F89B6E17194E}.Debug|x86.ActiveCfg = Debug|Any CPU
		{7F294D8C-4F69-4193-BBB6-F89B6E17194E}.Debug|x86.Build.0 = Debug|Any CPU
		{7F294D8C-4F69-4193-BBB6-F89B6E17194E}.Release|Any CPU.ActiveCfg = Release|Any CPU
		{7F294D8C-4F69-4193-BBB6-F89B6E17194E}.Release|Any CPU.Build.0 = Release|Any CPU
		{7F294D8C-4F69-4193-BBB6-F89B6E17194E}.Release|x64.ActiveCfg = Release|Any CPU
		{7F294D8C-4F69-4193-BBB6-F89B6E17194E}.Release|x64.Build.0 = Release|Any CPU
		{7F294D8C-4F69-4193-BBB6-F89B6E17194E}.Release|x86.ActiveCfg = Release|Any CPU
		{7F294D8C-4F69-4193-BBB6-F89B6E17194E}.Release|x86.Build.0 = Release|Any CPU
		{C19A2349-1D7F-4C60-8C51-F5435A447B54}.Debug|Any CPU.ActiveCfg = Debug|Any CPU
		{C19A2349-1D7F-4C60-8C51-F5435A447B54}.Debug|Any CPU.Build.0 = Debug|Any CPU
		{C19A2349-1D7F-4C60-8C51-F5435A447B54}.Debug|x64.ActiveCfg = Debug|Any CPU
		{C19A2349-1D7F-4C60-8C51-F5435A447B54}.Debug|x64.Build.0 = Debug|Any CPU
		{C19A2349-1D7F-4C60-8C51-F5435A447B54}.Debug|x86.ActiveCfg = Debug|Any CPU
		{C19A2349-1D7F-4C60-8C51-F5435A447B54}.Debug|x86.Build.0 = Debug|Any CPU
		{C19A2349-1D7F-4C60-8C51-F5435A447B54}.Release|Any CPU.ActiveCfg = Release|Any CPU
		{C19A2349-1D7F-4C60-8C51-F5435A447B54}.Release|Any CPU.Build.0 = Release|Any CPU
		{C19A2349-1D7F-4C60-8C51-F5435A447B54}.Release|x64.ActiveCfg = Release|Any CPU
		{C19A2349-1D7F-4C60-8C51-F5435A447B54}.Release|x64.Build.0 = Release|Any CPU
		{C19A2349-1D7F-4C60-8C51-F5435A447B54}.Release|x86.ActiveCfg = Release|Any CPU
		{C19A2349-1D7F-4C60-8C51-F5435A447B54}.Release|x86.Build.0 = Release|Any CPU
		{EEC10DAD-BF72-4247-90DC-1E3B088140CA}.Debug|Any CPU.ActiveCfg = Debug|Any CPU
		{EEC10DAD-BF72-4247-90DC-1E3B088140CA}.Debug|Any CPU.Build.0 = Debug|Any CPU
		{EEC10DAD-BF72-4247-90DC-1E3B088140CA}.Debug|x64.ActiveCfg = Debug|Any CPU
		{EEC10DAD-BF72-4247-90DC-1E3B088140CA}.Debug|x64.Build.0 = Debug|Any CPU
		{EEC10DAD-BF72-4247-90DC-1E3B088140CA}.Debug|x86.ActiveCfg = Debug|Any CPU
		{EEC10DAD-BF72-4247-90DC-1E3B088140CA}.Debug|x86.Build.0 = Debug|Any CPU
		{EEC10DAD-BF72-4247-90DC-1E3B088140CA}.Release|Any CPU.ActiveCfg = Release|Any CPU
		{EEC10DAD-BF72-4247-90DC-1E3B088140CA}.Release|Any CPU.Build.0 = Release|Any CPU
		{EEC10DAD-BF72-4247-90DC-1E3B088140CA}.Release|x64.ActiveCfg = Release|Any CPU
		{EEC10DAD-BF72-4247-90DC-1E3B088140CA}.Release|x64.Build.0 = Release|Any CPU
		{EEC10DAD-BF72-4247-90DC-1E3B088140CA}.Release|x86.ActiveCfg = Release|Any CPU
		{EEC10DAD-BF72-4247-90DC-1E3B088140CA}.Release|x86.Build.0 = Release|Any CPU
		{45990AC3-1B68-421F-B38E-54AEF41AAFB1}.Debug|Any CPU.ActiveCfg = Debug|Any CPU
		{45990AC3-1B68-421F-B38E-54AEF41AAFB1}.Debug|Any CPU.Build.0 = Debug|Any CPU
		{45990AC3-1B68-421F-B38E-54AEF41AAFB1}.Debug|x64.ActiveCfg = Debug|Any CPU
		{45990AC3-1B68-421F-B38E-54AEF41AAFB1}.Debug|x64.Build.0 = Debug|Any CPU
		{45990AC3-1B68-421F-B38E-54AEF41AAFB1}.Debug|x86.ActiveCfg = Debug|Any CPU
		{45990AC3-1B68-421F-B38E-54AEF41AAFB1}.Debug|x86.Build.0 = Debug|Any CPU
		{45990AC3-1B68-421F-B38E-54AEF41AAFB1}.Release|Any CPU.ActiveCfg = Release|Any CPU
		{45990AC3-1B68-421F-B38E-54AEF41AAFB1}.Release|Any CPU.Build.0 = Release|Any CPU
		{45990AC3-1B68-421F-B38E-54AEF41AAFB1}.Release|x64.ActiveCfg = Release|Any CPU
		{45990AC3-1B68-421F-B38E-54AEF41AAFB1}.Release|x64.Build.0 = Release|Any CPU
		{45990AC3-1B68-421F-B38E-54AEF41AAFB1}.Release|x86.ActiveCfg = Release|Any CPU
		{45990AC3-1B68-421F-B38E-54AEF41AAFB1}.Release|x86.Build.0 = Release|Any CPU
		{DEF04CBB-DC44-4CF2-BAB7-9784D704ED6D}.Debug|Any CPU.ActiveCfg = Debug|Any CPU
		{DEF04CBB-DC44-4CF2-BAB7-9784D704ED6D}.Debug|Any CPU.Build.0 = Debug|Any CPU
		{DEF04CBB-DC44-4CF2-BAB7-9784D704ED6D}.Debug|x64.ActiveCfg = Debug|Any CPU
		{DEF04CBB-DC44-4CF2-BAB7-9784D704ED6D}.Debug|x64.Build.0 = Debug|Any CPU
		{DEF04CBB-DC44-4CF2-BAB7-9784D704ED6D}.Debug|x86.ActiveCfg = Debug|Any CPU
		{DEF04CBB-DC44-4CF2-BAB7-9784D704ED6D}.Debug|x86.Build.0 = Debug|Any CPU
		{DEF04CBB-DC44-4CF2-BAB7-9784D704ED6D}.Release|Any CPU.ActiveCfg = Release|Any CPU
		{DEF04CBB-DC44-4CF2-BAB7-9784D704ED6D}.Release|Any CPU.Build.0 = Release|Any CPU
		{DEF04CBB-DC44-4CF2-BAB7-9784D704ED6D}.Release|x64.ActiveCfg = Release|Any CPU
		{DEF04CBB-DC44-4CF2-BAB7-9784D704ED6D}.Release|x64.Build.0 = Release|Any CPU
		{DEF04CBB-DC44-4CF2-BAB7-9784D704ED6D}.Release|x86.ActiveCfg = Release|Any CPU
		{DEF04CBB-DC44-4CF2-BAB7-9784D704ED6D}.Release|x86.Build.0 = Release|Any CPU
		{943A7707-1ED6-4031-9254-7661F52F8FBA}.Debug|Any CPU.ActiveCfg = Debug|Any CPU
		{943A7707-1ED6-4031-9254-7661F52F8FBA}.Debug|Any CPU.Build.0 = Debug|Any CPU
		{943A7707-1ED6-4031-9254-7661F52F8FBA}.Debug|x64.ActiveCfg = Debug|Any CPU
		{943A7707-1ED6-4031-9254-7661F52F8FBA}.Debug|x64.Build.0 = Debug|Any CPU
		{943A7707-1ED6-4031-9254-7661F52F8FBA}.Debug|x86.ActiveCfg = Debug|Any CPU
		{943A7707-1ED6-4031-9254-7661F52F8FBA}.Debug|x86.Build.0 = Debug|Any CPU
		{943A7707-1ED6-4031-9254-7661F52F8FBA}.Release|Any CPU.ActiveCfg = Release|Any CPU
		{943A7707-1ED6-4031-9254-7661F52F8FBA}.Release|Any CPU.Build.0 = Release|Any CPU
		{943A7707-1ED6-4031-9254-7661F52F8FBA}.Release|x64.ActiveCfg = Release|Any CPU
		{943A7707-1ED6-4031-9254-7661F52F8FBA}.Release|x64.Build.0 = Release|Any CPU
		{943A7707-1ED6-4031-9254-7661F52F8FBA}.Release|x86.ActiveCfg = Release|Any CPU
		{943A7707-1ED6-4031-9254-7661F52F8FBA}.Release|x86.Build.0 = Release|Any CPU
		{CA62DC47-B384-4A0D-AC7E-52B8212ACDC1}.Debug|Any CPU.ActiveCfg = Debug|Any CPU
		{CA62DC47-B384-4A0D-AC7E-52B8212ACDC1}.Debug|Any CPU.Build.0 = Debug|Any CPU
		{CA62DC47-B384-4A0D-AC7E-52B8212ACDC1}.Debug|x64.ActiveCfg = Debug|Any CPU
		{CA62DC47-B384-4A0D-AC7E-52B8212ACDC1}.Debug|x64.Build.0 = Debug|Any CPU
		{CA62DC47-B384-4A0D-AC7E-52B8212ACDC1}.Debug|x86.ActiveCfg = Debug|Any CPU
		{CA62DC47-B384-4A0D-AC7E-52B8212ACDC1}.Debug|x86.Build.0 = Debug|Any CPU
		{CA62DC47-B384-4A0D-AC7E-52B8212ACDC1}.Release|Any CPU.ActiveCfg = Release|Any CPU
		{CA62DC47-B384-4A0D-AC7E-52B8212ACDC1}.Release|Any CPU.Build.0 = Release|Any CPU
		{CA62DC47-B384-4A0D-AC7E-52B8212ACDC1}.Release|x64.ActiveCfg = Release|Any CPU
		{CA62DC47-B384-4A0D-AC7E-52B8212ACDC1}.Release|x64.Build.0 = Release|Any CPU
		{CA62DC47-B384-4A0D-AC7E-52B8212ACDC1}.Release|x86.ActiveCfg = Release|Any CPU
		{CA62DC47-B384-4A0D-AC7E-52B8212ACDC1}.Release|x86.Build.0 = Release|Any CPU
		{2729A14B-57AB-4D0F-9161-9651E36F39EF}.Debug|Any CPU.ActiveCfg = Debug|Any CPU
		{2729A14B-57AB-4D0F-9161-9651E36F39EF}.Debug|Any CPU.Build.0 = Debug|Any CPU
		{2729A14B-57AB-4D0F-9161-9651E36F39EF}.Debug|x64.ActiveCfg = Debug|Any CPU
		{2729A14B-57AB-4D0F-9161-9651E36F39EF}.Debug|x64.Build.0 = Debug|Any CPU
		{2729A14B-57AB-4D0F-9161-9651E36F39EF}.Debug|x86.ActiveCfg = Debug|Any CPU
		{2729A14B-57AB-4D0F-9161-9651E36F39EF}.Debug|x86.Build.0 = Debug|Any CPU
		{2729A14B-57AB-4D0F-9161-9651E36F39EF}.Release|Any CPU.ActiveCfg = Release|Any CPU
		{2729A14B-57AB-4D0F-9161-9651E36F39EF}.Release|Any CPU.Build.0 = Release|Any CPU
		{2729A14B-57AB-4D0F-9161-9651E36F39EF}.Release|x64.ActiveCfg = Release|Any CPU
		{2729A14B-57AB-4D0F-9161-9651E36F39EF}.Release|x64.Build.0 = Release|Any CPU
		{2729A14B-57AB-4D0F-9161-9651E36F39EF}.Release|x86.ActiveCfg = Release|Any CPU
		{2729A14B-57AB-4D0F-9161-9651E36F39EF}.Release|x86.Build.0 = Release|Any CPU
		{F3A66311-49E6-4322-A45C-6DF6B69B9BEC}.Debug|Any CPU.ActiveCfg = Debug|Any CPU
		{F3A66311-49E6-4322-A45C-6DF6B69B9BEC}.Debug|Any CPU.Build.0 = Debug|Any CPU
		{F3A66311-49E6-4322-A45C-6DF6B69B9BEC}.Debug|x64.ActiveCfg = Debug|Any CPU
		{F3A66311-49E6-4322-A45C-6DF6B69B9BEC}.Debug|x64.Build.0 = Debug|Any CPU
		{F3A66311-49E6-4322-A45C-6DF6B69B9BEC}.Debug|x86.ActiveCfg = Debug|Any CPU
		{F3A66311-49E6-4322-A45C-6DF6B69B9BEC}.Debug|x86.Build.0 = Debug|Any CPU
		{F3A66311-49E6-4322-A45C-6DF6B69B9BEC}.Release|Any CPU.ActiveCfg = Release|Any CPU
		{F3A66311-49E6-4322-A45C-6DF6B69B9BEC}.Release|Any CPU.Build.0 = Release|Any CPU
		{F3A66311-49E6-4322-A45C-6DF6B69B9BEC}.Release|x64.ActiveCfg = Release|Any CPU
		{F3A66311-49E6-4322-A45C-6DF6B69B9BEC}.Release|x64.Build.0 = Release|Any CPU
		{F3A66311-49E6-4322-A45C-6DF6B69B9BEC}.Release|x86.ActiveCfg = Release|Any CPU
		{F3A66311-49E6-4322-A45C-6DF6B69B9BEC}.Release|x86.Build.0 = Release|Any CPU
		{E5DEF705-D527-46EA-A129-BD350DA0FD83}.Debug|Any CPU.ActiveCfg = Debug|Any CPU
		{E5DEF705-D527-46EA-A129-BD350DA0FD83}.Debug|Any CPU.Build.0 = Debug|Any CPU
		{E5DEF705-D527-46EA-A129-BD350DA0FD83}.Debug|x64.ActiveCfg = Debug|Any CPU
		{E5DEF705-D527-46EA-A129-BD350DA0FD83}.Debug|x64.Build.0 = Debug|Any CPU
		{E5DEF705-D527-46EA-A129-BD350DA0FD83}.Debug|x86.ActiveCfg = Debug|Any CPU
		{E5DEF705-D527-46EA-A129-BD350DA0FD83}.Debug|x86.Build.0 = Debug|Any CPU
		{E5DEF705-D527-46EA-A129-BD350DA0FD83}.Release|Any CPU.ActiveCfg = Release|Any CPU
		{E5DEF705-D527-46EA-A129-BD350DA0FD83}.Release|Any CPU.Build.0 = Release|Any CPU
		{E5DEF705-D527-46EA-A129-BD350DA0FD83}.Release|x64.ActiveCfg = Release|Any CPU
		{E5DEF705-D527-46EA-A129-BD350DA0FD83}.Release|x64.Build.0 = Release|Any CPU
		{E5DEF705-D527-46EA-A129-BD350DA0FD83}.Release|x86.ActiveCfg = Release|Any CPU
		{E5DEF705-D527-46EA-A129-BD350DA0FD83}.Release|x86.Build.0 = Release|Any CPU
		{79AEFD54-8CB0-4744-AAE0-946D2A29DA46}.Debug|Any CPU.ActiveCfg = Debug|Any CPU
		{79AEFD54-8CB0-4744-AAE0-946D2A29DA46}.Debug|Any CPU.Build.0 = Debug|Any CPU
		{79AEFD54-8CB0-4744-AAE0-946D2A29DA46}.Debug|x64.ActiveCfg = Debug|Any CPU
		{79AEFD54-8CB0-4744-AAE0-946D2A29DA46}.Debug|x64.Build.0 = Debug|Any CPU
		{79AEFD54-8CB0-4744-AAE0-946D2A29DA46}.Debug|x86.ActiveCfg = Debug|Any CPU
		{79AEFD54-8CB0-4744-AAE0-946D2A29DA46}.Debug|x86.Build.0 = Debug|Any CPU
		{79AEFD54-8CB0-4744-AAE0-946D2A29DA46}.Release|Any CPU.ActiveCfg = Release|Any CPU
		{79AEFD54-8CB0-4744-AAE0-946D2A29DA46}.Release|Any CPU.Build.0 = Release|Any CPU
		{79AEFD54-8CB0-4744-AAE0-946D2A29DA46}.Release|x64.ActiveCfg = Release|Any CPU
		{79AEFD54-8CB0-4744-AAE0-946D2A29DA46}.Release|x64.Build.0 = Release|Any CPU
		{79AEFD54-8CB0-4744-AAE0-946D2A29DA46}.Release|x86.ActiveCfg = Release|Any CPU
		{79AEFD54-8CB0-4744-AAE0-946D2A29DA46}.Release|x86.Build.0 = Release|Any CPU
		{2BFFC0DB-E6D8-43D7-BEAF-92BEE6F442EA}.Debug|Any CPU.ActiveCfg = Debug|Any CPU
		{2BFFC0DB-E6D8-43D7-BEAF-92BEE6F442EA}.Debug|Any CPU.Build.0 = Debug|Any CPU
		{2BFFC0DB-E6D8-43D7-BEAF-92BEE6F442EA}.Debug|x64.ActiveCfg = Debug|Any CPU
		{2BFFC0DB-E6D8-43D7-BEAF-92BEE6F442EA}.Debug|x64.Build.0 = Debug|Any CPU
		{2BFFC0DB-E6D8-43D7-BEAF-92BEE6F442EA}.Debug|x86.ActiveCfg = Debug|Any CPU
		{2BFFC0DB-E6D8-43D7-BEAF-92BEE6F442EA}.Debug|x86.Build.0 = Debug|Any CPU
		{2BFFC0DB-E6D8-43D7-BEAF-92BEE6F442EA}.Release|Any CPU.ActiveCfg = Release|Any CPU
		{2BFFC0DB-E6D8-43D7-BEAF-92BEE6F442EA}.Release|Any CPU.Build.0 = Release|Any CPU
		{2BFFC0DB-E6D8-43D7-BEAF-92BEE6F442EA}.Release|x64.ActiveCfg = Release|Any CPU
		{2BFFC0DB-E6D8-43D7-BEAF-92BEE6F442EA}.Release|x64.Build.0 = Release|Any CPU
		{2BFFC0DB-E6D8-43D7-BEAF-92BEE6F442EA}.Release|x86.ActiveCfg = Release|Any CPU
		{2BFFC0DB-E6D8-43D7-BEAF-92BEE6F442EA}.Release|x86.Build.0 = Release|Any CPU
		{0DD51EA0-810E-4216-A93B-2AD46998B115}.Debug|Any CPU.ActiveCfg = Debug|Any CPU
		{0DD51EA0-810E-4216-A93B-2AD46998B115}.Debug|Any CPU.Build.0 = Debug|Any CPU
		{0DD51EA0-810E-4216-A93B-2AD46998B115}.Debug|x64.ActiveCfg = Debug|Any CPU
		{0DD51EA0-810E-4216-A93B-2AD46998B115}.Debug|x64.Build.0 = Debug|Any CPU
		{0DD51EA0-810E-4216-A93B-2AD46998B115}.Debug|x86.ActiveCfg = Debug|Any CPU
		{0DD51EA0-810E-4216-A93B-2AD46998B115}.Debug|x86.Build.0 = Debug|Any CPU
		{0DD51EA0-810E-4216-A93B-2AD46998B115}.Release|Any CPU.ActiveCfg = Release|Any CPU
		{0DD51EA0-810E-4216-A93B-2AD46998B115}.Release|Any CPU.Build.0 = Release|Any CPU
		{0DD51EA0-810E-4216-A93B-2AD46998B115}.Release|x64.ActiveCfg = Release|Any CPU
		{0DD51EA0-810E-4216-A93B-2AD46998B115}.Release|x64.Build.0 = Release|Any CPU
		{0DD51EA0-810E-4216-A93B-2AD46998B115}.Release|x86.ActiveCfg = Release|Any CPU
		{0DD51EA0-810E-4216-A93B-2AD46998B115}.Release|x86.Build.0 = Release|Any CPU
		{62CA08B8-A232-4C94-B427-DCA90EB4FE75}.Debug|Any CPU.ActiveCfg = Debug|Any CPU
		{62CA08B8-A232-4C94-B427-DCA90EB4FE75}.Debug|Any CPU.Build.0 = Debug|Any CPU
		{62CA08B8-A232-4C94-B427-DCA90EB4FE75}.Debug|x64.ActiveCfg = Debug|Any CPU
		{62CA08B8-A232-4C94-B427-DCA90EB4FE75}.Debug|x64.Build.0 = Debug|Any CPU
		{62CA08B8-A232-4C94-B427-DCA90EB4FE75}.Debug|x86.ActiveCfg = Debug|Any CPU
		{62CA08B8-A232-4C94-B427-DCA90EB4FE75}.Debug|x86.Build.0 = Debug|Any CPU
		{62CA08B8-A232-4C94-B427-DCA90EB4FE75}.Release|Any CPU.ActiveCfg = Release|Any CPU
		{62CA08B8-A232-4C94-B427-DCA90EB4FE75}.Release|Any CPU.Build.0 = Release|Any CPU
		{62CA08B8-A232-4C94-B427-DCA90EB4FE75}.Release|x64.ActiveCfg = Release|Any CPU
		{62CA08B8-A232-4C94-B427-DCA90EB4FE75}.Release|x64.Build.0 = Release|Any CPU
		{62CA08B8-A232-4C94-B427-DCA90EB4FE75}.Release|x86.ActiveCfg = Release|Any CPU
		{62CA08B8-A232-4C94-B427-DCA90EB4FE75}.Release|x86.Build.0 = Release|Any CPU
		{1E8284FC-C493-4455-BF2F-3D0442D7FBF0}.Debug|Any CPU.ActiveCfg = Debug|Any CPU
		{1E8284FC-C493-4455-BF2F-3D0442D7FBF0}.Debug|Any CPU.Build.0 = Debug|Any CPU
		{1E8284FC-C493-4455-BF2F-3D0442D7FBF0}.Debug|x64.ActiveCfg = Debug|Any CPU
		{1E8284FC-C493-4455-BF2F-3D0442D7FBF0}.Debug|x64.Build.0 = Debug|Any CPU
		{1E8284FC-C493-4455-BF2F-3D0442D7FBF0}.Debug|x86.ActiveCfg = Debug|Any CPU
		{1E8284FC-C493-4455-BF2F-3D0442D7FBF0}.Debug|x86.Build.0 = Debug|Any CPU
		{1E8284FC-C493-4455-BF2F-3D0442D7FBF0}.Release|Any CPU.ActiveCfg = Release|Any CPU
		{1E8284FC-C493-4455-BF2F-3D0442D7FBF0}.Release|Any CPU.Build.0 = Release|Any CPU
		{1E8284FC-C493-4455-BF2F-3D0442D7FBF0}.Release|x64.ActiveCfg = Release|Any CPU
		{1E8284FC-C493-4455-BF2F-3D0442D7FBF0}.Release|x64.Build.0 = Release|Any CPU
		{1E8284FC-C493-4455-BF2F-3D0442D7FBF0}.Release|x86.ActiveCfg = Release|Any CPU
		{1E8284FC-C493-4455-BF2F-3D0442D7FBF0}.Release|x86.Build.0 = Release|Any CPU
		{0734A587-71FA-4BBD-95F4-8BDAC92AB2D9}.Debug|Any CPU.ActiveCfg = Debug|Any CPU
		{0734A587-71FA-4BBD-95F4-8BDAC92AB2D9}.Debug|Any CPU.Build.0 = Debug|Any CPU
		{0734A587-71FA-4BBD-95F4-8BDAC92AB2D9}.Debug|x64.ActiveCfg = Debug|Any CPU
		{0734A587-71FA-4BBD-95F4-8BDAC92AB2D9}.Debug|x64.Build.0 = Debug|Any CPU
		{0734A587-71FA-4BBD-95F4-8BDAC92AB2D9}.Debug|x86.ActiveCfg = Debug|Any CPU
		{0734A587-71FA-4BBD-95F4-8BDAC92AB2D9}.Debug|x86.Build.0 = Debug|Any CPU
		{0734A587-71FA-4BBD-95F4-8BDAC92AB2D9}.Release|Any CPU.ActiveCfg = Release|Any CPU
		{0734A587-71FA-4BBD-95F4-8BDAC92AB2D9}.Release|Any CPU.Build.0 = Release|Any CPU
		{0734A587-71FA-4BBD-95F4-8BDAC92AB2D9}.Release|x64.ActiveCfg = Release|Any CPU
		{0734A587-71FA-4BBD-95F4-8BDAC92AB2D9}.Release|x64.Build.0 = Release|Any CPU
		{0734A587-71FA-4BBD-95F4-8BDAC92AB2D9}.Release|x86.ActiveCfg = Release|Any CPU
		{0734A587-71FA-4BBD-95F4-8BDAC92AB2D9}.Release|x86.Build.0 = Release|Any CPU
		{1301A7BB-AF13-456F-BD10-593EE0498729}.Debug|Any CPU.ActiveCfg = Debug|Any CPU
		{1301A7BB-AF13-456F-BD10-593EE0498729}.Debug|Any CPU.Build.0 = Debug|Any CPU
		{1301A7BB-AF13-456F-BD10-593EE0498729}.Debug|x64.ActiveCfg = Debug|Any CPU
		{1301A7BB-AF13-456F-BD10-593EE0498729}.Debug|x64.Build.0 = Debug|Any CPU
		{1301A7BB-AF13-456F-BD10-593EE0498729}.Debug|x86.ActiveCfg = Debug|Any CPU
		{1301A7BB-AF13-456F-BD10-593EE0498729}.Debug|x86.Build.0 = Debug|Any CPU
		{1301A7BB-AF13-456F-BD10-593EE0498729}.Release|Any CPU.ActiveCfg = Release|Any CPU
		{1301A7BB-AF13-456F-BD10-593EE0498729}.Release|Any CPU.Build.0 = Release|Any CPU
		{1301A7BB-AF13-456F-BD10-593EE0498729}.Release|x64.ActiveCfg = Release|Any CPU
		{1301A7BB-AF13-456F-BD10-593EE0498729}.Release|x64.Build.0 = Release|Any CPU
		{1301A7BB-AF13-456F-BD10-593EE0498729}.Release|x86.ActiveCfg = Release|Any CPU
		{1301A7BB-AF13-456F-BD10-593EE0498729}.Release|x86.Build.0 = Release|Any CPU
		{BF276CA4-0A70-4E6D-8D0B-BD7CE5975324}.Debug|Any CPU.ActiveCfg = Debug|Any CPU
		{BF276CA4-0A70-4E6D-8D0B-BD7CE5975324}.Debug|Any CPU.Build.0 = Debug|Any CPU
		{BF276CA4-0A70-4E6D-8D0B-BD7CE5975324}.Debug|x64.ActiveCfg = Debug|Any CPU
		{BF276CA4-0A70-4E6D-8D0B-BD7CE5975324}.Debug|x64.Build.0 = Debug|Any CPU
		{BF276CA4-0A70-4E6D-8D0B-BD7CE5975324}.Debug|x86.ActiveCfg = Debug|Any CPU
		{BF276CA4-0A70-4E6D-8D0B-BD7CE5975324}.Debug|x86.Build.0 = Debug|Any CPU
		{BF276CA4-0A70-4E6D-8D0B-BD7CE5975324}.Release|Any CPU.ActiveCfg = Release|Any CPU
		{BF276CA4-0A70-4E6D-8D0B-BD7CE5975324}.Release|Any CPU.Build.0 = Release|Any CPU
		{BF276CA4-0A70-4E6D-8D0B-BD7CE5975324}.Release|x64.ActiveCfg = Release|Any CPU
		{BF276CA4-0A70-4E6D-8D0B-BD7CE5975324}.Release|x64.Build.0 = Release|Any CPU
		{BF276CA4-0A70-4E6D-8D0B-BD7CE5975324}.Release|x86.ActiveCfg = Release|Any CPU
		{BF276CA4-0A70-4E6D-8D0B-BD7CE5975324}.Release|x86.Build.0 = Release|Any CPU
		{77DB1E3B-AACE-4355-B968-CF7307233BD8}.Debug|Any CPU.ActiveCfg = Debug|Any CPU
		{77DB1E3B-AACE-4355-B968-CF7307233BD8}.Debug|Any CPU.Build.0 = Debug|Any CPU
		{77DB1E3B-AACE-4355-B968-CF7307233BD8}.Debug|x64.ActiveCfg = Debug|Any CPU
		{77DB1E3B-AACE-4355-B968-CF7307233BD8}.Debug|x64.Build.0 = Debug|Any CPU
		{77DB1E3B-AACE-4355-B968-CF7307233BD8}.Debug|x86.ActiveCfg = Debug|Any CPU
		{77DB1E3B-AACE-4355-B968-CF7307233BD8}.Debug|x86.Build.0 = Debug|Any CPU
		{77DB1E3B-AACE-4355-B968-CF7307233BD8}.Release|Any CPU.ActiveCfg = Release|Any CPU
		{77DB1E3B-AACE-4355-B968-CF7307233BD8}.Release|Any CPU.Build.0 = Release|Any CPU
		{77DB1E3B-AACE-4355-B968-CF7307233BD8}.Release|x64.ActiveCfg = Release|Any CPU
		{77DB1E3B-AACE-4355-B968-CF7307233BD8}.Release|x64.Build.0 = Release|Any CPU
		{77DB1E3B-AACE-4355-B968-CF7307233BD8}.Release|x86.ActiveCfg = Release|Any CPU
		{77DB1E3B-AACE-4355-B968-CF7307233BD8}.Release|x86.Build.0 = Release|Any CPU
		{9C1CA080-FD91-44B6-BDBA-D822CB2395E9}.Debug|Any CPU.ActiveCfg = Debug|Any CPU
		{9C1CA080-FD91-44B6-BDBA-D822CB2395E9}.Debug|Any CPU.Build.0 = Debug|Any CPU
		{9C1CA080-FD91-44B6-BDBA-D822CB2395E9}.Debug|x64.ActiveCfg = Debug|Any CPU
		{9C1CA080-FD91-44B6-BDBA-D822CB2395E9}.Debug|x64.Build.0 = Debug|Any CPU
		{9C1CA080-FD91-44B6-BDBA-D822CB2395E9}.Debug|x86.ActiveCfg = Debug|Any CPU
		{9C1CA080-FD91-44B6-BDBA-D822CB2395E9}.Debug|x86.Build.0 = Debug|Any CPU
		{9C1CA080-FD91-44B6-BDBA-D822CB2395E9}.Release|Any CPU.ActiveCfg = Release|Any CPU
		{9C1CA080-FD91-44B6-BDBA-D822CB2395E9}.Release|Any CPU.Build.0 = Release|Any CPU
		{9C1CA080-FD91-44B6-BDBA-D822CB2395E9}.Release|x64.ActiveCfg = Release|Any CPU
		{9C1CA080-FD91-44B6-BDBA-D822CB2395E9}.Release|x64.Build.0 = Release|Any CPU
		{9C1CA080-FD91-44B6-BDBA-D822CB2395E9}.Release|x86.ActiveCfg = Release|Any CPU
		{9C1CA080-FD91-44B6-BDBA-D822CB2395E9}.Release|x86.Build.0 = Release|Any CPU
		{08FBFB7F-D585-4D5B-8D83-7135EEEEB1E4}.Debug|Any CPU.ActiveCfg = Debug|Any CPU
		{08FBFB7F-D585-4D5B-8D83-7135EEEEB1E4}.Debug|Any CPU.Build.0 = Debug|Any CPU
		{08FBFB7F-D585-4D5B-8D83-7135EEEEB1E4}.Debug|x64.ActiveCfg = Debug|Any CPU
		{08FBFB7F-D585-4D5B-8D83-7135EEEEB1E4}.Debug|x64.Build.0 = Debug|Any CPU
		{08FBFB7F-D585-4D5B-8D83-7135EEEEB1E4}.Debug|x86.ActiveCfg = Debug|Any CPU
		{08FBFB7F-D585-4D5B-8D83-7135EEEEB1E4}.Debug|x86.Build.0 = Debug|Any CPU
		{08FBFB7F-D585-4D5B-8D83-7135EEEEB1E4}.Release|Any CPU.ActiveCfg = Release|Any CPU
		{08FBFB7F-D585-4D5B-8D83-7135EEEEB1E4}.Release|Any CPU.Build.0 = Release|Any CPU
		{08FBFB7F-D585-4D5B-8D83-7135EEEEB1E4}.Release|x64.ActiveCfg = Release|Any CPU
		{08FBFB7F-D585-4D5B-8D83-7135EEEEB1E4}.Release|x64.Build.0 = Release|Any CPU
		{08FBFB7F-D585-4D5B-8D83-7135EEEEB1E4}.Release|x86.ActiveCfg = Release|Any CPU
		{08FBFB7F-D585-4D5B-8D83-7135EEEEB1E4}.Release|x86.Build.0 = Release|Any CPU
		{EA408D3A-86F9-467A-B973-D09446A33C78}.Debug|Any CPU.ActiveCfg = Debug|Any CPU
		{EA408D3A-86F9-467A-B973-D09446A33C78}.Debug|Any CPU.Build.0 = Debug|Any CPU
		{EA408D3A-86F9-467A-B973-D09446A33C78}.Debug|x64.ActiveCfg = Debug|Any CPU
		{EA408D3A-86F9-467A-B973-D09446A33C78}.Debug|x64.Build.0 = Debug|Any CPU
		{EA408D3A-86F9-467A-B973-D09446A33C78}.Debug|x86.ActiveCfg = Debug|Any CPU
		{EA408D3A-86F9-467A-B973-D09446A33C78}.Debug|x86.Build.0 = Debug|Any CPU
		{EA408D3A-86F9-467A-B973-D09446A33C78}.Release|Any CPU.ActiveCfg = Release|Any CPU
		{EA408D3A-86F9-467A-B973-D09446A33C78}.Release|Any CPU.Build.0 = Release|Any CPU
		{EA408D3A-86F9-467A-B973-D09446A33C78}.Release|x64.ActiveCfg = Release|Any CPU
		{EA408D3A-86F9-467A-B973-D09446A33C78}.Release|x64.Build.0 = Release|Any CPU
		{EA408D3A-86F9-467A-B973-D09446A33C78}.Release|x86.ActiveCfg = Release|Any CPU
		{EA408D3A-86F9-467A-B973-D09446A33C78}.Release|x86.Build.0 = Release|Any CPU
		{92D74EBC-0A9F-4DA8-BC82-20809D8A82FA}.Debug|Any CPU.ActiveCfg = Debug|Any CPU
		{92D74EBC-0A9F-4DA8-BC82-20809D8A82FA}.Debug|Any CPU.Build.0 = Debug|Any CPU
		{92D74EBC-0A9F-4DA8-BC82-20809D8A82FA}.Debug|x64.ActiveCfg = Debug|Any CPU
		{92D74EBC-0A9F-4DA8-BC82-20809D8A82FA}.Debug|x64.Build.0 = Debug|Any CPU
		{92D74EBC-0A9F-4DA8-BC82-20809D8A82FA}.Debug|x86.ActiveCfg = Debug|Any CPU
		{92D74EBC-0A9F-4DA8-BC82-20809D8A82FA}.Debug|x86.Build.0 = Debug|Any CPU
		{92D74EBC-0A9F-4DA8-BC82-20809D8A82FA}.Release|Any CPU.ActiveCfg = Release|Any CPU
		{92D74EBC-0A9F-4DA8-BC82-20809D8A82FA}.Release|Any CPU.Build.0 = Release|Any CPU
		{92D74EBC-0A9F-4DA8-BC82-20809D8A82FA}.Release|x64.ActiveCfg = Release|Any CPU
		{92D74EBC-0A9F-4DA8-BC82-20809D8A82FA}.Release|x64.Build.0 = Release|Any CPU
		{92D74EBC-0A9F-4DA8-BC82-20809D8A82FA}.Release|x86.ActiveCfg = Release|Any CPU
		{92D74EBC-0A9F-4DA8-BC82-20809D8A82FA}.Release|x86.Build.0 = Release|Any CPU
		{0E732433-763C-406D-BFA3-E22272F4248B}.Debug|Any CPU.ActiveCfg = Debug|Any CPU
		{0E732433-763C-406D-BFA3-E22272F4248B}.Debug|Any CPU.Build.0 = Debug|Any CPU
		{0E732433-763C-406D-BFA3-E22272F4248B}.Debug|x64.ActiveCfg = Debug|Any CPU
		{0E732433-763C-406D-BFA3-E22272F4248B}.Debug|x64.Build.0 = Debug|Any CPU
		{0E732433-763C-406D-BFA3-E22272F4248B}.Debug|x86.ActiveCfg = Debug|Any CPU
		{0E732433-763C-406D-BFA3-E22272F4248B}.Debug|x86.Build.0 = Debug|Any CPU
		{0E732433-763C-406D-BFA3-E22272F4248B}.Release|Any CPU.ActiveCfg = Release|Any CPU
		{0E732433-763C-406D-BFA3-E22272F4248B}.Release|Any CPU.Build.0 = Release|Any CPU
		{0E732433-763C-406D-BFA3-E22272F4248B}.Release|x64.ActiveCfg = Release|Any CPU
		{0E732433-763C-406D-BFA3-E22272F4248B}.Release|x64.Build.0 = Release|Any CPU
		{0E732433-763C-406D-BFA3-E22272F4248B}.Release|x86.ActiveCfg = Release|Any CPU
		{0E732433-763C-406D-BFA3-E22272F4248B}.Release|x86.Build.0 = Release|Any CPU
		{10E62D9D-3F93-481B-BCEF-B93D89192E0B}.Debug|Any CPU.ActiveCfg = Debug|Any CPU
		{10E62D9D-3F93-481B-BCEF-B93D89192E0B}.Debug|Any CPU.Build.0 = Debug|Any CPU
		{10E62D9D-3F93-481B-BCEF-B93D89192E0B}.Debug|x64.ActiveCfg = Debug|Any CPU
		{10E62D9D-3F93-481B-BCEF-B93D89192E0B}.Debug|x64.Build.0 = Debug|Any CPU
		{10E62D9D-3F93-481B-BCEF-B93D89192E0B}.Debug|x86.ActiveCfg = Debug|Any CPU
		{10E62D9D-3F93-481B-BCEF-B93D89192E0B}.Debug|x86.Build.0 = Debug|Any CPU
		{10E62D9D-3F93-481B-BCEF-B93D89192E0B}.Release|Any CPU.ActiveCfg = Release|Any CPU
		{10E62D9D-3F93-481B-BCEF-B93D89192E0B}.Release|Any CPU.Build.0 = Release|Any CPU
		{10E62D9D-3F93-481B-BCEF-B93D89192E0B}.Release|x64.ActiveCfg = Release|Any CPU
		{10E62D9D-3F93-481B-BCEF-B93D89192E0B}.Release|x64.Build.0 = Release|Any CPU
		{10E62D9D-3F93-481B-BCEF-B93D89192E0B}.Release|x86.ActiveCfg = Release|Any CPU
		{10E62D9D-3F93-481B-BCEF-B93D89192E0B}.Release|x86.Build.0 = Release|Any CPU
		{3BEE8B87-2C3E-4B90-ADA1-F4669AEA2398}.Debug|Any CPU.ActiveCfg = Debug|Any CPU
		{3BEE8B87-2C3E-4B90-ADA1-F4669AEA2398}.Debug|Any CPU.Build.0 = Debug|Any CPU
		{3BEE8B87-2C3E-4B90-ADA1-F4669AEA2398}.Debug|x64.ActiveCfg = Debug|Any CPU
		{3BEE8B87-2C3E-4B90-ADA1-F4669AEA2398}.Debug|x64.Build.0 = Debug|Any CPU
		{3BEE8B87-2C3E-4B90-ADA1-F4669AEA2398}.Debug|x86.ActiveCfg = Debug|Any CPU
		{3BEE8B87-2C3E-4B90-ADA1-F4669AEA2398}.Debug|x86.Build.0 = Debug|Any CPU
		{3BEE8B87-2C3E-4B90-ADA1-F4669AEA2398}.Release|Any CPU.ActiveCfg = Release|Any CPU
		{3BEE8B87-2C3E-4B90-ADA1-F4669AEA2398}.Release|Any CPU.Build.0 = Release|Any CPU
		{3BEE8B87-2C3E-4B90-ADA1-F4669AEA2398}.Release|x64.ActiveCfg = Release|Any CPU
		{3BEE8B87-2C3E-4B90-ADA1-F4669AEA2398}.Release|x64.Build.0 = Release|Any CPU
		{3BEE8B87-2C3E-4B90-ADA1-F4669AEA2398}.Release|x86.ActiveCfg = Release|Any CPU
		{3BEE8B87-2C3E-4B90-ADA1-F4669AEA2398}.Release|x86.Build.0 = Release|Any CPU
		{5A45CEC3-0C3F-4A03-A399-F7EE2C532E47}.Debug|Any CPU.ActiveCfg = Debug|Any CPU
		{5A45CEC3-0C3F-4A03-A399-F7EE2C532E47}.Debug|Any CPU.Build.0 = Debug|Any CPU
		{5A45CEC3-0C3F-4A03-A399-F7EE2C532E47}.Debug|x64.ActiveCfg = Debug|Any CPU
		{5A45CEC3-0C3F-4A03-A399-F7EE2C532E47}.Debug|x64.Build.0 = Debug|Any CPU
		{5A45CEC3-0C3F-4A03-A399-F7EE2C532E47}.Debug|x86.ActiveCfg = Debug|Any CPU
		{5A45CEC3-0C3F-4A03-A399-F7EE2C532E47}.Debug|x86.Build.0 = Debug|Any CPU
		{5A45CEC3-0C3F-4A03-A399-F7EE2C532E47}.Release|Any CPU.ActiveCfg = Release|Any CPU
		{5A45CEC3-0C3F-4A03-A399-F7EE2C532E47}.Release|Any CPU.Build.0 = Release|Any CPU
		{5A45CEC3-0C3F-4A03-A399-F7EE2C532E47}.Release|x64.ActiveCfg = Release|Any CPU
		{5A45CEC3-0C3F-4A03-A399-F7EE2C532E47}.Release|x64.Build.0 = Release|Any CPU
		{5A45CEC3-0C3F-4A03-A399-F7EE2C532E47}.Release|x86.ActiveCfg = Release|Any CPU
		{5A45CEC3-0C3F-4A03-A399-F7EE2C532E47}.Release|x86.Build.0 = Release|Any CPU
		{DED69692-23D1-4BFC-8353-B606846B81EC}.Debug|Any CPU.ActiveCfg = Debug|Any CPU
		{DED69692-23D1-4BFC-8353-B606846B81EC}.Debug|Any CPU.Build.0 = Debug|Any CPU
		{DED69692-23D1-4BFC-8353-B606846B81EC}.Debug|x64.ActiveCfg = Debug|Any CPU
		{DED69692-23D1-4BFC-8353-B606846B81EC}.Debug|x64.Build.0 = Debug|Any CPU
		{DED69692-23D1-4BFC-8353-B606846B81EC}.Debug|x86.ActiveCfg = Debug|Any CPU
		{DED69692-23D1-4BFC-8353-B606846B81EC}.Debug|x86.Build.0 = Debug|Any CPU
		{DED69692-23D1-4BFC-8353-B606846B81EC}.Release|Any CPU.ActiveCfg = Release|Any CPU
		{DED69692-23D1-4BFC-8353-B606846B81EC}.Release|Any CPU.Build.0 = Release|Any CPU
		{DED69692-23D1-4BFC-8353-B606846B81EC}.Release|x64.ActiveCfg = Release|Any CPU
		{DED69692-23D1-4BFC-8353-B606846B81EC}.Release|x64.Build.0 = Release|Any CPU
		{DED69692-23D1-4BFC-8353-B606846B81EC}.Release|x86.ActiveCfg = Release|Any CPU
		{DED69692-23D1-4BFC-8353-B606846B81EC}.Release|x86.Build.0 = Release|Any CPU
		{6B1C4E9A-3F27-4D85-9E11-7C0A5D2F8B43}.Debug|Any CPU.ActiveCfg = Debug|Any CPU
		{6B1C4E9A-3F27-4D85-9E11-7C0A5D2F8B43}.Debug|Any CPU.Build.0 = Debug|Any CPU
		{6B1C4E9A-3F27-4D85-9E11-7C0A5D2F8B43}.Debug|x64.ActiveCfg = Debug|Any CPU
		{6B1C4E9A-3F27-4D85-9E11-7C0A5D2F8B43}.Debug|x64.Build.0 = Debug|Any CPU
		{6B1C4E9A-3F27-4D85-9E11-7C0A5D2F8B43}.Debug|x86.ActiveCfg = Debug|Any CPU
		{6B1C4E9A-3F27-4D85-9E11-7C0A5D2F8B43}.Debug|x86.Build.0 = Debug|Any CPU
		{6B1C4E9A-3F27-4D85-9E11-7C0A5D2F8B43}.Release|Any CPU.ActiveCfg = Release|Any CPU
		{6B1C4E9A-3F27-4D85-9E11-7C0A5D2F8B43}.Release|Any CPU.Build.0 = Release|Any CPU
		{6B1C4E9A-3F27-4D85-9E11-7C0A5D2F8B43}.Release|x64.ActiveCfg = Release|Any CPU
		{6B1C4E9A-3F27-4D85-9E11-7C0A5D2F8B43}.Release|x64.Build.0 = Release|Any CPU
		{6B1C4E9A-3F27-4D85-9E11-7C0A5D2F8B43}.Release|x86.ActiveCfg = Release|Any CPU
		{6B1C4E9A-3F27-4D85-9E11-7C0A5D2F8B43}.Release|x86.Build.0 = Release|Any CPU
		{9D4F27C1-8A60-4B3E-B572-1E8C6A0F94D2}.Debug|Any CPU.ActiveCfg = Debug|Any CPU
		{9D4F27C1-8A60-4B3E-B572-1E8C6A0F94D2}.Debug|Any CPU.Build.0 = Debug|Any CPU
		{9D4F27C1-8A60-4B3E-B572-1E8C6A0F94D2}.Debug|x64.ActiveCfg = Debug|Any CPU
		{9D4F27C1-8A60-4B3E-B572-1E8C6A0F94D2}.Debug|x64.Build.0 = Debug|Any CPU
		{9D4F27C1-8A60-4B3E-B572-1E8C6A0F94D2}.Debug|x86.ActiveCfg = Debug|Any CPU
		{9D4F27C1-8A60-4B3E-B572-1E8C6A0F94D2}.Debug|x86.Build.0 = Debug|Any CPU
		{9D4F27C1-8A60-4B3E-B572-1E8C6A0F94D2}.Release|Any CPU.ActiveCfg = Release|Any CPU
		{9D4F27C1-8A60-4B3E-B572-1E8C6A0F94D2}.Release|Any CPU.Build.0 = Release|Any CPU
		{9D4F27C1-8A60-4B3E-B572-1E8C6A0F94D2}.Release|x64.ActiveCfg = Release|Any CPU
		{9D4F27C1-8A60-4B3E-B572-1E8C6A0F94D2}.Release|x64.Build.0 = Release|Any CPU
		{9D4F27C1-8A60-4B3E-B572-1E8C6A0F94D2}.Release|x86.ActiveCfg = Release|Any CPU
		{9D4F27C1-8A60-4B3E-B572-1E8C6A0F94D2}.Release|x86.Build.0 = Release|Any CPU
		{908746FE-A3CA-44A3-A452-C6F534512541}.Debug|Any CPU.ActiveCfg = Debug|Any CPU
		{908746FE-A3CA-44A3-A452-C6F534512541}.Debug|Any CPU.Build.0 = Debug|Any CPU
		{908746FE-A3CA-44A3-A452-C6F534512541}.Debug|x64.ActiveCfg = Debug|Any CPU
		{908746FE-A3CA-44A3-A452-C6F534512541}.Debug|x64.Build.0 = Debug|Any CPU
		{908746FE-A3CA-44A3-A452-C6F534512541}.Debug|x86.ActiveCfg = Debug|Any CPU
		{908746FE-A3CA-44A3-A452-C6F534512541}.Debug|x86.Build.0 = Debug|Any CPU
		{908746FE-A3CA-44A3-A452-C6F534512541}.Release|Any CPU.ActiveCfg = Release|Any CPU
		{908746FE-A3CA-44A3-A452-C6F534512541}.Release|Any CPU.Build.0 = Release|Any CPU
		{908746FE-A3CA-44A3-A452-C6F534512541}.Release|x64.ActiveCfg = Release|Any CPU
		{908746FE-A3CA-44A3-A452-C6F534512541}.Release|x64.Build.0 = Release|Any CPU
		{908746FE-A3CA-44A3-A452-C6F534512541}.Release|x86.ActiveCfg = Release|Any CPU
		{908746FE-A3CA-44A3-A452-C6F534512541}.Release|x86.Build.0 = Release|Any CPU
		{3123E1CF-5487-41E9-9853-921CE5BB834A}.Debug|Any CPU.ActiveCfg = Debug|Any CPU
		{3123E1CF-5487-41E9-9853-921CE5BB834A}.Debug|Any CPU.Build.0 = Debug|Any CPU
		{3123E1CF-5487-41E9-9853-921CE5BB834A}.Debug|x64.ActiveCfg = Debug|Any CPU
		{3123E1CF-5487-41E9-9853-921CE5BB834A}.Debug|x64.Build.0 = Debug|Any CPU
		{3123E1CF-5487-41E9-9853-921CE5BB834A}.Debug|x86.ActiveCfg = Debug|Any CPU
		{3123E1CF-5487-41E9-9853-921CE5BB834A}.Debug|x86.Build.0 = Debug|Any CPU
		{3123E1CF-5487-41E9-9853-921CE5BB834A}.Release|Any CPU.ActiveCfg = Release|Any CPU
		{3123E1CF-5487-41E9-9853-921CE5BB834A}.Release|Any CPU.Build.0 = Release|Any CPU
		{3123E1CF-5487-41E9-9853-921CE5BB834A}.Release|x64.ActiveCfg = Release|Any CPU
		{3123E1CF-5487-41E9-9853-921CE5BB834A}.Release|x64.Build.0 = Release|Any CPU
		{3123E1CF-5487-41E9-9853-921CE5BB834A}.Release|x86.ActiveCfg = Release|Any CPU
		{3123E1CF-5487-41E9-9853-921CE5BB834A}.Release|x86.Build.0 = Release|Any CPU
		{C2A409BE-718E-4775-A13E-B23159868059}.Debug|Any CPU.ActiveCfg = Debug|Any CPU
		{C2A409BE-718E-4775-A13E-B23159868059}.Debug|Any CPU.Build.0 = Debug|Any CPU
		{C2A409BE-718E-4775-A13E-B23159868059}.Debug|x64.ActiveCfg = Debug|Any CPU
		{C2A409BE-718E-4775-A13E-B23159868059}.Debug|x64.Build.0 = Debug|Any CPU
		{C2A409BE-718E-4775-A13E-B23159868059}.Debug|x86.ActiveCfg = Debug|Any CPU
		{C2A409BE-718E-4775-A13E-B23159868059}.Debug|x86.Build.0 = Debug|Any CPU
		{C2A409BE-718E-4775-A13E-B23159868059}.Release|Any CPU.ActiveCfg = Release|Any CPU
		{C2A409BE-718E-4775-A13E-B23159868059}.Release|Any CPU.Build.0 = Release|Any CPU
		{C2A409BE-718E-4775-A13E-B23159868059}.Release|x64.ActiveCfg = Release|Any CPU
		{C2A409BE-718E-4775-A13E-B23159868059}.Release|x64.Build.0 = Release|Any CPU
		{C2A409BE-718E-4775-A13E-B23159868059}.Release|x86.ActiveCfg = Release|Any CPU
		{C2A409BE-718E-4775-A13E-B23159868059}.Release|x86.Build.0 = Release|Any CPU
		{F60D99F6-8207-41DA-86F0-8D5F7C693C6A}.Debug|Any CPU.ActiveCfg = Debug|Any CPU
		{F60D99F6-8207-41DA-86F0-8D5F7C693C6A}.Debug|Any CPU.Build.0 = Debug|Any CPU
		{F60D99F6-8207-41DA-86F0-8D5F7C693C6A}.Debug|x64.ActiveCfg = Debug|Any CPU
		{F60D99F6-8207-41DA-86F0-8D5F7C693C6A}.Debug|x64.Build.0 = Debug|Any CPU
		{F60D99F6-8207-41DA-86F0-8D5F7C693C6A}.Debug|x86.ActiveCfg = Debug|Any CPU
		{F60D99F6-8207-41DA-86F0-8D5F7C693C6A}.Debug|x86.Build.0 = Debug|Any CPU
		{F60D99F6-8207-41DA-86F0-8D5F7C693C6A}.Release|Any CPU.ActiveCfg = Release|Any CPU
		{F60D99F6-8207-41DA-86F0-8D5F7C693C6A}.Release|Any CPU.Build.0 = Release|Any CPU
		{F60D99F6-8207-41DA-86F0-8D5F7C693C6A}.Release|x64.ActiveCfg = Release|Any CPU
		{F60D99F6-8207-41DA-86F0-8D5F7C693C6A}.Release|x64.Build.0 = Release|Any CPU
		{F60D99F6-8207-41DA-86F0-8D5F7C693C6A}.Release|x86.ActiveCfg = Release|Any CPU
		{F60D99F6-8207-41DA-86F0-8D5F7C693C6A}.Release|x86.Build.0 = Release|Any CPU
		{6A861761-24FA-4C1D-BC93-3A6FFA3CCBA9}.Debug|Any CPU.ActiveCfg = Debug|Any CPU
		{6A861761-24FA-4C1D-BC93-3A6FFA3CCBA9}.Debug|Any CPU.Build.0 = Debug|Any CPU
		{6A861761-24FA-4C1D-BC93-3A6FFA3CCBA9}.Debug|x64.ActiveCfg = Debug|Any CPU
		{6A861761-24FA-4C1D-BC93-3A6FFA3CCBA9}.Debug|x64.Build.0 = Debug|Any CPU
		{6A861761-24FA-4C1D-BC93-3A6FFA3CCBA9}.Debug|x86.ActiveCfg = Debug|Any CPU
		{6A861761-24FA-4C1D-BC93-3A6FFA3CCBA9}.Debug|x86.Build.0 = Debug|Any CPU
		{6A861761-24FA-4C1D-BC93-3A6FFA3CCBA9}.Release|Any CPU.ActiveCfg = Release|Any CPU
		{6A861761-24FA-4C1D-BC93-3A6FFA3CCBA9}.Release|Any CPU.Build.0 = Release|Any CPU
		{6A861761-24FA-4C1D-BC93-3A6FFA3CCBA9}.Release|x64.ActiveCfg = Release|Any CPU
		{6A861761-24FA-4C1D-BC93-3A6FFA3CCBA9}.Release|x64.Build.0 = Release|Any CPU
		{6A861761-24FA-4C1D-BC93-3A6FFA3CCBA9}.Release|x86.ActiveCfg = Release|Any CPU
		{6A861761-24FA-4C1D-BC93-3A6FFA3CCBA9}.Release|x86.Build.0 = Release|Any CPU
		{8C0CCB7A-EED7-4889-90E2-A2BE47B8BD74}.Debug|Any CPU.ActiveCfg = Debug|Any CPU
		{8C0CCB7A-EED7-4889-90E2-A2BE47B8BD74}.Debug|Any CPU.Build.0 = Debug|Any CPU
		{8C0CCB7A-EED7-4889-90E2-A2BE47B8BD74}.Debug|x64.ActiveCfg = Debug|Any CPU
		{8C0CCB7A-EED7-4889-90E2-A2BE47B8BD74}.Debug|x64.Build.0 = Debug|Any CPU
		{8C0CCB7A-EED7-4889-90E2-A2BE47B8BD74}.Debug|x86.ActiveCfg = Debug|Any CPU
		{8C0CCB7A-EED7-4889-90E2-A2BE47B8BD74}.Debug|x86.Build.0 = Debug|Any CPU
		{8C0CCB7A-EED7-4889-90E2-A2BE47B8BD74}.Release|Any CPU.ActiveCfg = Release|Any CPU
		{8C0CCB7A-EED7-4889-90E2-A2BE47B8BD74}.Release|Any CPU.Build.0 = Release|Any CPU
		{8C0CCB7A-EED7-4889-90E2-A2BE47B8BD74}.Release|x64.ActiveCfg = Release|Any CPU
		{8C0CCB7A-EED7-4889-90E2-A2BE47B8BD74}.Release|x64.Build.0 = Release|Any CPU
		{8C0CCB7A-EED7-4889-90E2-A2BE47B8BD74}.Release|x86.ActiveCfg = Release|Any CPU
		{8C0CCB7A-EED7-4889-90E2-A2BE47B8BD74}.Release|x86.Build.0 = Release|Any CPU
		{810E5544-5051-48F9-8A55-F6D17AE07461}.Debug|Any CPU.ActiveCfg = Debug|Any CPU
		{810E5544-5051-48F9-8A55-F6D17AE07461}.Debug|Any CPU.Build.0 = Debug|Any CPU
		{810E5544-5051-48F9-8A55-F6D17AE07461}.Debug|x64.ActiveCfg = Debug|Any CPU
		{810E5544-5051-48F9-8A55-F6D17AE07461}.Debug|x64.Build.0 = Debug|Any CPU
		{810E5544-5051-48F9-8A55-F6D17AE07461}.Debug|x86.ActiveCfg = Debug|Any CPU
		{810E5544-5051-48F9-8A55-F6D17AE07461}.Debug|x86.Build.0 = Debug|Any CPU
		{810E5544-5051-48F9-8A55-F6D17AE07461}.Release|Any CPU.ActiveCfg = Release|Any CPU
		{810E5544-5051-48F9-8A55-F6D17AE07461}.Release|Any CPU.Build.0 = Release|Any CPU
		{810E5544-5051-48F9-8A55-F6D17AE07461}.Release|x64.ActiveCfg = Release|Any CPU
		{810E5544-5051-48F9-8A55-F6D17AE07461}.Release|x64.Build.0 = Release|Any CPU
		{810E5544-5051-48F9-8A55-F6D17AE07461}.Release|x86.ActiveCfg = Release|Any CPU
		{810E5544-5051-48F9-8A55-F6D17AE07461}.Release|x86.Build.0 = Release|Any CPU
		{D1114309-B7BD-49D6-8AA2-CF27776A724F}.Debug|Any CPU.ActiveCfg = Debug|Any CPU
		{D1114309-B7BD-49D6-8AA2-CF27776A724F}.Debug|Any CPU.Build.0 = Debug|Any CPU
		{D1114309-B7BD-49D6-8AA2-CF27776A724F}.Debug|x64.ActiveCfg = Debug|Any CPU
		{D1114309-B7BD-49D6-8AA2-CF27776A724F}.Debug|x64.Build.0 = Debug|Any CPU
		{D1114309-B7BD-49D6-8AA2-CF27776A724F}.Debug|x86.ActiveCfg = Debug|Any CPU
		{D1114309-B7BD-49D6-8AA2-CF27776A724F}.Debug|x86.Build.0 = Debug|Any CPU
		{D1114309-B7BD-49D6-8AA2-CF27776A724F}.Release|Any CPU.ActiveCfg = Release|Any CPU
		{D1114309-B7BD-49D6-8AA2-CF27776A724F}.Release|Any CPU.Build.0 = Release|Any CPU
		{D1114309-B7BD-49D6-8AA2-CF27776A724F}.Release|x64.ActiveCfg = Release|Any CPU
		{D1114309-B7BD-49D6-8AA2-CF27776A724F}.Release|x64.Build.0 = Release|Any CPU
		{D1114309-B7BD-49D6-8AA2-CF27776A724F}.Release|x86.ActiveCfg = Release|Any CPU
		{D1114309-B7BD-49D6-8AA2-CF27776A724F}.Release|x86.Build.0 = Release|Any CPU
		{71DD2078-6F7D-4B62-973A-2ED587A58348}.Debug|Any CPU.ActiveCfg = Debug|Any CPU
		{71DD2078-6F7D-4B62-973A-2ED587A58348}.Debug|Any CPU.Build.0 = Debug|Any CPU
		{71DD2078-6F7D-4B62-973A-2ED587A58348}.Debug|x64.ActiveCfg = Debug|Any CPU
		{71DD2078-6F7D-4B62-973A-2ED587A58348}.Debug|x64.Build.0 = Debug|Any CPU
		{71DD2078-6F7D-4B62-973A-2ED587A58348}.Debug|x86.ActiveCfg = Debug|Any CPU
		{71DD2078-6F7D-4B62-973A-2ED587A58348}.Debug|x86.Build.0 = Debug|Any CPU
		{71DD2078-6F7D-4B62-973A-2ED587A58348}.Release|Any CPU.ActiveCfg = Release|Any CPU
		{71DD2078-6F7D-4B62-973A-2ED587A58348}.Release|Any CPU.Build.0 = Release|Any CPU
		{71DD2078-6F7D-4B62-973A-2ED587A58348}.Release|x64.ActiveCfg = Release|Any CPU
		{71DD2078-6F7D-4B62-973A-2ED587A58348}.Release|x64.Build.0 = Release|Any CPU
		{71DD2078-6F7D-4B62-973A-2ED587A58348}.Release|x86.ActiveCfg = Release|Any CPU
		{71DD2078-6F7D-4B62-973A-2ED587A58348}.Release|x86.Build.0 = Release|Any CPU
		{D3BC00E7-5990-4FA9-8778-8BC16FF338B7}.Debug|Any CPU.ActiveCfg = Debug|Any CPU
		{D3BC00E7-5990-4FA9-8778-8BC16FF338B7}.Debug|Any CPU.Build.0 = Debug|Any CPU
		{D3BC00E7-5990-4FA9-8778-8BC16FF338B7}.Debug|x64.ActiveCfg = Debug|Any CPU
		{D3BC00E7-5990-4FA9-8778-8BC16FF338B7}.Debug|x64.Build.0 = Debug|Any CPU
		{D3BC00E7-5990-4FA9-8778-8BC16FF338B7}.Debug|x86.ActiveCfg = Debug|Any CPU
		{D3BC00E7-5990-4FA9-8778-8BC16FF338B7}.Debug|x86.Build.0 = Debug|Any CPU
		{D3BC00E7-5990-4FA9-8778-8BC16FF338B7}.Release|Any CPU.ActiveCfg = Release|Any CPU
		{D3BC00E7-5990-4FA9-8778-8BC16FF338B7}.Release|Any CPU.Build.0 = Release|Any CPU
		{D3BC00E7-5990-4FA9-8778-8BC16FF338B7}.Release|x64.ActiveCfg = Release|Any CPU
		{D3BC00E7-5990-4FA9-8778-8BC16FF338B7}.Release|x64.Build.0 = Release|Any CPU
		{D3BC00E7-5990-4FA9-8778-8BC16FF338B7}.Release|x86.ActiveCfg = Release|Any CPU
		{D3BC00E7-5990-4FA9-8778-8BC16FF338B7}.Release|x86.Build.0 = Release|Any CPU
		{6C3BFA41-44B6-4B07-BF75-C169BF3DEAB1}.Debug|Any CPU.ActiveCfg = Debug|Any CPU
		{6C3BFA41-44B6-4B07-BF75-C169BF3DEAB1}.Debug|Any CPU.Build.0 = Debug|Any CPU
		{6C3BFA41-44B6-4B07-BF75-C169BF3DEAB1}.Debug|x64.ActiveCfg = Debug|Any CPU
		{6C3BFA41-44B6-4B07-BF75-C169BF3DEAB1}.Debug|x64.Build.0 = Debug|Any CPU
		{6C3BFA41-44B6-4B07-BF75-C169BF3DEAB1}.Debug|x86.ActiveCfg = Debug|Any CPU
		{6C3BFA41-44B6-4B07-BF75-C169BF3DEAB1}.Debug|x86.Build.0 = Debug|Any CPU
		{6C3BFA41-44B6-4B07-BF75-C169BF3DEAB1}.Release|Any CPU.ActiveCfg = Release|Any CPU
		{6C3BFA41-44B6-4B07-BF75-C169BF3DEAB1}.Release|Any CPU.Build.0 = Release|Any CPU
		{6C3BFA41-44B6-4B07-BF75-C169BF3DEAB1}.Release|x64.ActiveCfg = Release|Any CPU
		{6C3BFA41-44B6-4B07-BF75-C169BF3DEAB1}.Release|x64.Build.0 = Release|Any CPU
		{6C3BFA41-44B6-4B07-BF75-C169BF3DEAB1}.Release|x86.ActiveCfg = Release|Any CPU
		{6C3BFA41-44B6-4B07-BF75-C169BF3DEAB1}.Release|x86.Build.0 = Release|Any CPU
	EndGlobalSection
	GlobalSection(SolutionProperties) = preSolution
		HideSolutionNode = FALSE
	EndGlobalSection
	GlobalSection(NestedProjects) = preSolution
		{2E86C7BF-F83F-4BC2-AC43-192BD1FDE289} = {827E0CD3-B72D-47B6-A68D-7590B98EB39B}
		{1BC51A7A-9456-4B2E-BC02-0DA402D4369E} = {827E0CD3-B72D-47B6-A68D-7590B98EB39B}
		{59D6A71B-97F4-4579-87AD-4BFBD8BF21C3} = {827E0CD3-B72D-47B6-A68D-7590B98EB39B}
		{7F294D8C-4F69-4193-BBB6-F89B6E17194E} = {827E0CD3-B72D-47B6-A68D-7590B98EB39B}
		{C19A2349-1D7F-4C60-8C51-F5435A447B54} = {827E0CD3-B72D-47B6-A68D-7590B98EB39B}
		{EEC10DAD-BF72-4247-90DC-1E3B088140CA} = {827E0CD3-B72D-47B6-A68D-7590B98EB39B}
		{45990AC3-1B68-421F-B38E-54AEF41AAFB1} = {827E0CD3-B72D-47B6-A68D-7590B98EB39B}
		{DEF04CBB-DC44-4CF2-BAB7-9784D704ED6D} = {827E0CD3-B72D-47B6-A68D-7590B98EB39B}
		{943A7707-1ED6-4031-9254-7661F52F8FBA} = {827E0CD3-B72D-47B6-A68D-7590B98EB39B}
		{CA62DC47-B384-4A0D-AC7E-52B8212ACDC1} = {827E0CD3-B72D-47B6-A68D-7590B98EB39B}
		{2729A14B-57AB-4D0F-9161-9651E36F39EF} = {827E0CD3-B72D-47B6-A68D-7590B98EB39B}
		{F3A66311-49E6-4322-A45C-6DF6B69B9BEC} = {827E0CD3-B72D-47B6-A68D-7590B98EB39B}
		{E5DEF705-D527-46EA-A129-BD350DA0FD83} = {827E0CD3-B72D-47B6-A68D-7590B98EB39B}
		{79AEFD54-8CB0-4744-AAE0-946D2A29DA46} = {827E0CD3-B72D-47B6-A68D-7590B98EB39B}
		{2BFFC0DB-E6D8-43D7-BEAF-92BEE6F442EA} = {827E0CD3-B72D-47B6-A68D-7590B98EB39B}
		{0DD51EA0-810E-4216-A93B-2AD46998B115} = {827E0CD3-B72D-47B6-A68D-7590B98EB39B}
		{62CA08B8-A232-4C94-B427-DCA90EB4FE75} = {827E0CD3-B72D-47B6-A68D-7590B98EB39B}
		{1E8284FC-C493-4455-BF2F-3D0442D7FBF0} = {827E0CD3-B72D-47B6-A68D-7590B98EB39B}
		{0734A587-71FA-4BBD-95F4-8BDAC92AB2D9} = {827E0CD3-B72D-47B6-A68D-7590B98EB39B}
		{1301A7BB-AF13-456F-BD10-593EE0498729} = {827E0CD3-B72D-47B6-A68D-7590B98EB39B}
		{BF276CA4-0A70-4E6D-8D0B-BD7CE5975324} = {827E0CD3-B72D-47B6-A68D-7590B98EB39B}
		{77DB1E3B-AACE-4355-B968-CF7307233BD8} = {827E0CD3-B72D-47B6-A68D-7590B98EB39B}
		{9C1CA080-FD91-44B6-BDBA-D822CB2395E9} = {827E0CD3-B72D-47B6-A68D-7590B98EB39B}
		{08FBFB7F-D585-4D5B-8D83-7135EEEEB1E4} = {827E0CD3-B72D-47B6-A68D-7590B98EB39B}
		{EA408D3A-86F9-467A-B973-D09446A33C78} = {827E0CD3-B72D-47B6-A68D-7590B98EB39B}
		{92D74EBC-0A9F-4DA8-BC82-20809D8A82FA} = {827E0CD3-B72D-47B6-A68D-7590B98EB39B}
		{0E732433-763C-406D-BFA3-E22272F4248B} = {827E0CD3-B72D-47B6-A68D-7590B98EB39B}
		{10E62D9D-3F93-481B-BCEF-B93D89192E0B} = {827E0CD3-B72D-47B6-A68D-7590B98EB39B}
		{3BEE8B87-2C3E-4B90-ADA1-F4669AEA2398} = {827E0CD3-B72D-47B6-A68D-7590B98EB39B}
		{5A45CEC3-0C3F-4A03-A399-F7EE2C532E47} = {827E0CD3-B72D-47B6-A68D-7590B98EB39B}
		{DED69692-23D1-4BFC-8353-B606846B81EC} = {827E0CD3-B72D-47B6-A68D-7590B98EB39B}
		{6B1C4E9A-3F27-4D85-9E11-7C0A5D2F8B43} = {827E0CD3-B72D-47B6-A68D-7590B98EB39B}
		{9D4F27C1-8A60-4B3E-B572-1E8C6A0F94D2} = {827E0CD3-B72D-47B6-A68D-7590B98EB39B}
		{908746FE-A3CA-44A3-A452-C6F534512541} = {827E0CD3-B72D-47B6-A68D-7590B98EB39B}
		{3123E1CF-5487-41E9-9853-921CE5BB834A} = {827E0CD3-B72D-47B6-A68D-7590B98EB39B}
		{C2A409BE-718E-4775-A13E-B23159868059} = {827E0CD3-B72D-47B6-A68D-7590B98EB39B}
		{F60D99F6-8207-41DA-86F0-8D5F7C693C6A} = {827E0CD3-B72D-47B6-A68D-7590B98EB39B}
		{6A861761-24FA-4C1D-BC93-3A6FFA3CCBA9} = {827E0CD3-B72D-47B6-A68D-7590B98EB39B}
		{8C0CCB7A-EED7-4889-90E2-A2BE47B8BD74} = {827E0CD3-B72D-47B6-A68D-7590B98EB39B}
		{810E5544-5051-48F9-8A55-F6D17AE07461} = {827E0CD3-B72D-47B6-A68D-7590B98EB39B}
		{D1114309-B7BD-49D6-8AA2-CF27776A724F} = {827E0CD3-B72D-47B6-A68D-7590B98EB39B}
		{71DD2078-6F7D-4B62-973A-2ED587A58348} = {827E0CD3-B72D-47B6-A68D-7590B98EB39B}
		{D3BC00E7-5990-4FA9-8778-8BC16FF338B7} = {827E0CD3-B72D-47B6-A68D-7590B98EB39B}
		{6C3BFA41-44B6-4B07-BF75-C169BF3DEAB1} = {827E0CD3-B72D-47B6-A68D-7590B98EB39B}
	EndGlobalSection
EndGlobal
