{
  "name": "@mageride/portals",
  "version": "0.0.0",
  "lockfileVersion": 3,
  "requires": true,
  "packages": {
    "": {
      "name": "@mageride/portals",
      "version": "0.0.0",
      "license": "UNLICENSED",
      "workspaces": [
        "tailwind-preset",
        "admin",
        "fleet",
        "web-passenger"
      ],
      "engines": {
        "node": ">=24.0.0 <25",
        "npm": ">=11"
      }
    },
    "admin": {
      "name": "@mageride/admin-portal",
      "version": "0.0.0",
      "license": "UNLICENSED"
    },
    "fleet": {
      "name": "@mageride/fleet-portal",
      "version": "0.0.0",
      "license": "UNLICENSED"
    },
    "node_modules/@mageride/admin-portal": {
      "resolved": "admin",
      "link": true
    },
    "node_modules/@mageride/fleet-portal": {
      "resolved": "fleet",
      "link": true
    },
    "node_modules/@mageride/tailwind-preset": {
      "resolved": "tailwind-preset",
      "link": true
    },
    "node_modules/@mageride/web-passenger": {
      "resolved": "web-passenger",
      "link": true
    },
    "tailwind-preset": {
      "name": "@mageride/tailwind-preset",
      "version": "0.0.0",
      "license": "UNLICENSED"
    },
    "web-passenger": {
      "name": "@mageride/web-passenger",
      "version": "0.0.0",
      "license": "UNLICENSED"
    }
  }
}
